<?xml version="1.0" encoding="utf-8"?>
<Project ToolsVersion="4.0" xmlns="http://schemas.microsoft.com/developer/msbuild/2003">
  <ItemGroup>
    <Filter Include="Source Files">
      <UniqueIdentifier>{4FC737F1-C7A5-4376-A066-2A32D752A2FF}</UniqueIdentifier>
      <Extensions>cpp;c;cc;cxx;def;odl;idl;hpj;bat;asm;asmx</Extensions>
    </Filter>
    <Filter Include="Resource Files">
      <UniqueIdentifier>{67DA6AB6-F800-4c08-8B7A-83BB121AAD01}</UniqueIdentifier>
      <Extensions>rc;ico;cur;bmp;dlg;rc2;rct;bin;rgs;gif;jpg;jpeg;jpe;resx;tiff;tif;png;wav;mfcribbon-ms</Extensions>
    </Filter>
    <Filter Include="Source Files\Scene">
      <UniqueIdentifier>{32c313bd-07db-494a-af8e-de395cbec093}</UniqueIdentifier>
    </Filter>
    <Filter Include="Source Files\Map">
      <UniqueIdentifier>{22e2bd36-8e51-4c7e-9594-37012c1fd2b0}</UniqueIdentifier>
    </Filter>
    <Filter Include="Source Files\Player">
      <UniqueIdentifier>{38682c94-1b3f-451b-a01f-1f95bcca720c}</UniqueIdentifier>
    </Filter>
    <Filter Include="Source Files\Fade">
      <UniqueIdentifier>{fcfeed53-b7a5-4664-8bb6-7c5a8b90bfc1}</UniqueIdentifier>
    </Filter>
    <Filter Include="Source Files\Eneny">
      <UniqueIdentifier>{1b4b6839-65cf-4adc-bb0e-d5e8a4e56ca8}</UniqueIdentifier>
    </Filter>
    <Filter Include="Source Files\Interface">
      <UniqueIdentifier>{274afb91-ed9c-41d4-908a-695cc6732374}</UniqueIdentifier>
    </Filter>
    <Filter Include="Source Files\Camera">
      <UniqueIdentifier>{9717c3bb-2c7d-43d7-b234-565562e5a83d}</UniqueIdentifier>
    </Filter>
    <Filter Include="Source Files\Route">
      <UniqueIdentifier>{1ed08ddf-152f-4e7a-bd54-21522d095bfd}</UniqueIdentifier>
    </Filter>
    <Filter Include="Source Files\Scene\GameScene">
      <UniqueIdentifier>{271f8398-54bc-481b-8332-8fb20a88c006}</UniqueIdentifier>
    </Filter>
  </ItemGroup>
  <ItemGroup>
    <ClCompile Include="main.cpp">
      <Filter>Source Files</Filter>
    </ClCompile>
    <ClCompile Include="stdafx.cpp">
      <Filter>Source Files</Filter>
    </ClCompile>
    <ClCompile Include="Scene\TitleScene.cpp">
      <Filter>Source Files\Scene</Filter>
    </ClCompile>
    <ClCompile Include="Map\Map.cpp">
      <Filter>Source Files\Map</Filter>
    </ClCompile>
    <ClCompile Include="Map\MapChip.cpp">
      <Filter>Source Files\Map</Filter>
    </ClCompile>
    <ClCompile Include="Player\Player.cpp">
      <Filter>Source Files\Player</Filter>
    </ClCompile>
    <ClCompile Include="Scene\ResultScene.cpp">
      <Filter>Source Files\Scene</Filter>
    </ClCompile>
    <ClCompile Include="Scene\SceneManager.cpp">
      <Filter>Source Files\Scene</Filter>
    </ClCompile>
    <ClCompile Include="Fade\Fade.cpp">
      <Filter>Source Files\Fade</Filter>
    </ClCompile>
    <ClCompile Include="Enemy\Enemy.cpp">
      <Filter>Source Files\Eneny</Filter>
    </ClCompile>
    <ClCompile Include="Enemy\TestEnemy.cpp">
      <Filter>Source Files\Eneny</Filter>
    </ClCompile>
    <ClCompile Include="Map\ClearMarker.cpp">
      <Filter>Source Files\Map</Filter>
    </ClCompile>
    <ClCompile Include="Interface\inventory.cpp">
      <Filter>Source Files\Interface</Filter>
    </ClCompile>
    <ClCompile Include="Interface\Number.cpp">
      <Filter>Source Files\Interface</Filter>
    </ClCompile>
    <ClCompile Include="Interface\DisplayTime.cpp">
      <Filter>Source Files\Interface</Filter>
    </ClCompile>
    <ClCompile Include="Camera\Camera.cpp">
      <Filter>Source Files\Camera</Filter>
    </ClCompile>
    <ClCompile Include="Route\RouteJudge.cpp">
      <Filter>Source Files\Route</Filter>
    </ClCompile>
    <ClCompile Include="Route\RouteObject.cpp">
      <Filter>Source Files\Route</Filter>
    </ClCompile>
    <ClCompile Include="Scene\ClearScene.cpp">
      <Filter>Source Files\Scene\GameScene</Filter>
    </ClCompile>
    <ClCompile Include="Scene\GameOverScene.cpp">
      <Filter>Source Files\Scene\GameScene</Filter>
    </ClCompile>
    <ClCompile Include="Scene\GameScene.cpp">
      <Filter>Source Files\Scene\GameScene</Filter>
    </ClCompile>
    <ClCompile Include="Map\MapData.cpp">
      <Filter>Source Files\Map</Filter>
    </ClCompile>
    <ClCompile Include="Scene\BackGround.cpp">
      <Filter>Source Files\Scene\GameScene</Filter>
    </ClCompile>
    <ClCompile Include="Map\Block.cpp">
      <Filter>Source Files\Map</Filter>
    </ClCompile>
  </ItemGroup>
  <ItemGroup>
    <ClInclude Include="stdafx.h">
      <Filter>Source Files</Filter>
    </ClInclude>
    <ClInclude Include="Scene\TitleScene.h">
      <Filter>Source Files\Scene</Filter>
    </ClInclude>
    <ClInclude Include="Map\Map.h">
      <Filter>Source Files\Map</Filter>
    </ClInclude>
    <ClInclude Include="Map\MapChip.h">
      <Filter>Source Files\Map</Filter>
    </ClInclude>
    <ClInclude Include="Player\Player.h">
      <Filter>Source Files\Player</Filter>
    </ClInclude>
    <ClInclude Include="Scene\ResultScene.h">
      <Filter>Source Files\Scene</Filter>
    </ClInclude>
    <ClInclude Include="Scene\SceneManager.h">
      <Filter>Source Files\Scene</Filter>
    </ClInclude>
    <ClInclude Include="Fade\Fade.h">
      <Filter>Source Files\Fade</Filter>
    </ClInclude>
    <ClInclude Include="Enemy\Enemy.h">
      <Filter>Source Files\Eneny</Filter>
    </ClInclude>
    <ClInclude Include="Enemy\TestEnemy.h">
      <Filter>Source Files\Eneny</Filter>
    </ClInclude>
    <ClInclude Include="Map\ClearMarker.h">
      <Filter>Source Files\Map</Filter>
    </ClInclude>
    <ClInclude Include="Interface\inventory.h">
      <Filter>Source Files\Interface</Filter>
    </ClInclude>
    <ClInclude Include="Interface\Number.h">
      <Filter>Source Files\Interface</Filter>
    </ClInclude>
    <ClInclude Include="Interface\DisplayTime.h">
      <Filter>Source Files\Interface</Filter>
    </ClInclude>
    <ClInclude Include="Camera\Camera.h">
      <Filter>Source Files\Camera</Filter>
    </ClInclude>
    <ClInclude Include="Route\RouteJudge.h">
      <Filter>Source Files\Route</Filter>
    </ClInclude>
    <ClInclude Include="Route\RouteObject.h">
      <Filter>Source Files\Route</Filter>
    </ClInclude>
    <ClInclude Include="Scene\ClearScene.h">
      <Filter>Source Files\Scene\GameScene</Filter>
    </ClInclude>
    <ClInclude Include="Scene\GameOverScene.h">
      <Filter>Source Files\Scene\GameScene</Filter>
    </ClInclude>
    <ClInclude Include="Scene\GameScene.h">
      <Filter>Source Files\Scene\GameScene</Filter>
    </ClInclude>
    <ClInclude Include="Map\MapData.h">
      <Filter>Source Files\Map</Filter>
    </ClInclude>
    <ClInclude Include="Scene\BackGround.h">
      <Filter>Source Files\Scene\GameScene</Filter>
    </ClInclude>
    <ClInclude Include="Map\Block.h">
      <Filter>Source Files\Map</Filter>
    </ClInclude>
  </ItemGroup>
</Project>